{
  "name": "part-i",
  "version": "1.0.0",
  "lockfileVersion": 2,
  "requires": true,
  "packages": {
    "": {
      "name": "part-i",
      "version": "1.0.0",
      "license": "ISC",
      "dependencies": {
        "mnemonist": "^0.39.4"
      }
    },
    "node_modules/mnemonist": {
      "version": "0.39.4",
      "resolved": "https://registry.npmjs.org/mnemonist/-/mnemonist-0.39.4.tgz",
      "integrity": "sha512-WlE2Ugow1ENH5un0OthjsjpJb/nbkUQ/jUOHtZUqh58JNzEHNxkm0tIFRAoExsANW/fTN/rxBUMFY/7jPDvxdQ==",
      "dependencies": {
        "obliterator": "^2.0.1"
      }
    },
    "node_modules/obliterator": {
      "version": "2.0.4",
      "resolved": "https://registry.npmjs.org/obliterator/-/obliterator-2.0.4.tgz",
      "integrity": "sha512-lgHwxlxV1qIg1Eap7LgIeoBWIMFibOjbrYPIPJZcI1mmGAI2m3lNYpK12Y+GBdPQ0U1hRwSord7GIaawz962qQ=="
    }
  },
  "dependencies": {
    "mnemonist": {
      "version": "0.39.4",
      "resolved": "https://registry.npmjs.org/mnemonist/-/mnemonist-0.39.4.tgz",
      "integrity": "sha512-WlE2Ugow1ENH5un0OthjsjpJb/nbkUQ/jUOHtZUqh58JNzEHNxkm0tIFRAoExsANW/fTN/rxBUMFY/7jPDvxdQ==",
      "requires": {
        "obliterator": "^2.0.1"
      }
    },
    "obliterator": {
      "version": "2.0.4",
      "resolved": "https://registry.npmjs.org/obliterator/-/obliterator-2.0.4.tgz",
      "integrity": "sha512-lgHwxlxV1qIg1Eap7LgIeoBWIMFibOjbrYPIPJZcI1mmGAI2m3lNYpK12Y+GBdPQ0U1hRwSord7GIaawz962qQ=="
    }
  }
}
